
Microsoft Visual Studio Solution File, Format Version 12.00
# Visual Studio Version 17
VisualStudioVersion = 17.0.31521.260
MinimumVisualStudioVersion = 10.0.40219.1
Project("{8BC9CEB8-8B4A-11D0-8D11-00A0C91BC942}") = "1000", "1000\1000.vcxproj", "{DD45AFDB-F607-4CCA-8CF0-522E76AFCF8D}"
EndProject
Project("{8BC9CEB8-8B4A-11D0-8D11-00A0C91BC942}") = "1400", "1400\1400.vcxproj", "{9BA8AF74-6382-49A4-8C98-4DB2678CD9D1}"
EndProject
Project("{8BC9CEB8-8B4A-11D0-8D11-00A0C91BC942}") = "1100", "1100\1100.vcxproj", "{C2E271AB-9A59-484A-9EBF-028728A5F7B3}"
EndProject
Project("{8BC9CEB8-8B4A-11D0-8D11-00A0C91BC942}") = "3000", "3000\3000.vcxproj", "{26C8CA71-4C51-4867-BE18-31D37EA79643}"
EndProject
Project("{8BC9CEB8-8B4A-11D0-8D11-00A0C91BC942}") = "1200", "1200\1200.vcxproj", "{7D297A50-E089-4DA3-9BB5-C8958F3C2483}"
EndProject
Global
	GlobalSection(SolutionConfigurationPlatforms) = preSolution
		Debug|x64 = Debug|x64
		Debug|x86 = Debug|x86
		Release|x64 = Release|x64
		Release|x86 = Release|x86
	EndGlobalSection
	GlobalSection(ProjectConfigurationPlatforms) = postSolution
		{DD45AFDB-F607-4CCA-8CF0-522E76AFCF8D}.Debug|x64.ActiveCfg = Debug|x64
		{DD45AFDB-F607-4CCA-8CF0-522E76AFCF8D}.Debug|x64.Build.0 = Debug|x64
		{DD45AFDB-F607-4CCA-8CF0-522E76AFCF8D}.Debug|x86.ActiveCfg = Debug|Win32
		{DD45AFDB-F607-4CCA-8CF0-522E76AFCF8D}.Debug|x86.Build.0 = Debug|Win32
		{DD45AFDB-F607-4CCA-8CF0-522E76AFCF8D}.Release|x64.ActiveCfg = Release|x64
		{DD45AFDB-F607-4CCA-8CF0-522E76AFCF8D}.Release|x64.Build.0 = Release|x64
		{DD45AFDB-F607-4CCA-8CF0-522E76AFCF8D}.Release|x86.ActiveCfg = Release|Win32
		{DD45AFDB-F607-4CCA-8CF0-522E76AFCF8D}.Release|x86.Build.0 = Release|Win32
		{9BA8AF74-6382-49A4-8C98-4DB2678CD9D1}.Debug|x64.ActiveCfg = Debug|x64
		{9BA8AF74-6382-49A4-8C98-4DB2678CD9D1}.Debug|x64.Build.0 = Debug|x64
		{9BA8AF74-6382-49A4-8C98-4DB2678CD9D1}.Debug|x86.ActiveCfg = Debug|Win32
		{9BA8AF74-6382-49A4-8C98-4DB2678CD9D1}.Debug|x86.Build.0 = Debug|Win32
		{9BA8AF74-6382-49A4-8C98-4DB2678CD9D1}.Release|x64.ActiveCfg = Release|x64
		{9BA8AF74-6382-49A4-8C98-4DB2678CD9D1}.Release|x64.Build.0 = Release|x64
		{9BA8AF74-6382-49A4-8C98-4DB2678CD9D1}.Release|x86.ActiveCfg = Release|Win32
		{9BA8AF74-6382-49A4-8C98-4DB2678CD9D1}.Release|x86.Build.0 = Release|Win32
		{C2E271AB-9A59-484A-9EBF-028728A5F7B3}.Debug|x64.ActiveCfg = Debug|x64
		{C2E271AB-9A59-484A-9EBF-028728A5F7B3}.Debug|x64.Build.0 = Debug|x64
		{C2E271AB-9A59-484A-9EBF-028728A5F7B3}.Debug|x86.ActiveCfg = Debug|Win32
		{C2E271AB-9A59-484A-9EBF-028728A5F7B3}.Debug|x86.Build.0 = Debug|Win32
		{C2E271AB-9A59-484A-9EBF-028728A5F7B3}.Release|x64.ActiveCfg = Release|x64
		{C2E271AB-9A59-484A-9EBF-028728A5F7B3}.Release|x64.Build.0 = Release|x64
		{C2E271AB-9A59-484A-9EBF-028728A5F7B3}.Release|x86.ActiveCfg = Release|Win32
		{C2E271AB-9A59-484A-9EBF-028728A5F7B3}.Release|x86.Build.0 = Release|Win32
		{26C8CA71-4C51-4867-BE18-31D37EA79643}.Debug|x64.ActiveCfg = Debug|x64
		{26C8CA71-4C51-4867-BE18-31D37EA79643}.Debug|x64.Build.0 = Debug|x64
		{26C8CA71-4C51-4867-BE18-31D37EA79643}.Debug|x86.ActiveCfg = Debug|Win32
		{26C8CA71-4C51-4867-BE18-31D37EA79643}.Debug|x86.Build.0 = Debug|Win32
		{26C8CA71-4C51-4867-BE18-31D37EA79643}.Release|x64.ActiveCfg = Release|x64
		{26C8CA71-4C51-4867-BE18-31D37EA79643}.Release|x64.Build.0 = Release|x64
		{26C8CA71-4C51-4867-BE18-31D37EA79643}.Release|x86.ActiveCfg = Release|Win32
		{26C8CA71-4C51-4867-BE18-31D37EA79643}.Release|x86.Build.0 = Release|Win32
		{7D297A50-E089-4DA3-9BB5-C8958F3C2483}.Debug|x64.ActiveCfg = Debug|x64
		{7D297A50-E089-4DA3-9BB5-C8958F3C2483}.Debug|x64.Build.0 = Debug|x64
		{7D297A50-E089-4DA3-9BB5-C8958F3C2483}.Debug|x86.ActiveCfg = Debug|Win32
		{7D297A50-E089-4DA3-9BB5-C8958F3C2483}.Debug|x86.Build.0 = Debug|Win32
		{7D297A50-E089-4DA3-9BB5-C8958F3C2483}.Release|x64.ActiveCfg = Release|x64
		{7D297A50-E089-4DA3-9BB5-C8958F3C2483}.Release|x64.Build.0 = Release|x64
		{7D297A50-E089-4DA3-9BB5-C8958F3C2483}.Release|x86.ActiveCfg = Release|Win32
		{7D297A50-E089-4DA3-9BB5-C8958F3C2483}.Release|x86.Build.0 = Release|Win32
	EndGlobalSection
	GlobalSection(SolutionProperties) = preSolution
		HideSolutionNode = FALSE
	EndGlobalSection
	GlobalSection(ExtensibilityGlobals) = postSolution
		SolutionGuid = {5CA8B253-2D39-404E-AAD0-C16D513574BE}
	EndGlobalSection
EndGlobal
